
Microsoft Visual Studio Solution File, Format Version 12.00
# Visual Studio 15
VisualStudioVersion = 15.0.27428.2027
MinimumVisualStudioVersion = 10.0.40219.1
Project("{FAE04EC0-301F-11D3-BF4B-00C04F79EFBC}") = "DataSetProject", "DataSetProject\DataSetProject.csproj", "{F88BD3EE-79BE-4E19-BB8C-738EFAC99155}"
EndProject
Global
	GlobalSection(SolutionConfigurationPlatforms) = preSolution
		Debug|Any CPU = Debug|Any CPU
		Release|Any CPU = Release|Any CPU
	EndGlobalSection
	GlobalSection(ProjectConfigurationPlatforms) = postSolution
		{F88BD3EE-79BE-4E19-BB8C-738EFAC99155}.Debug|Any CPU.ActiveCfg = Debug|Any CPU
		{F88BD3EE-79BE-4E19-BB8C-738EFAC99155}.Debug|Any CPU.Build.0 = Debug|Any CPU
		{F88BD3EE-79BE-4E19-BB8C-738EFAC99155}.Release|Any CPU.ActiveCfg = Release|Any CPU
		{F88BD3EE-79BE-4E19-BB8C-738EFAC99155}.Release|Any CPU.Build.0 = Release|Any CPU
	EndGlobalSection
	GlobalSection(SolutionProperties) = preSolution
		HideSolutionNode = FALSE
	EndGlobalSection
	GlobalSection(ExtensibilityGlobals) = postSolution
		SolutionGuid = {392B0ACE-2589-4300-BA63-48E4F97C0232}
	EndGlobalSection
EndGlobal
